
Microsoft Visual Studio Solution File, Format Version 12.00
# Visual Studio Version 16
VisualStudioVersion = 16.0.31205.134
MinimumVisualStudioVersion = 10.0.40219.1
Project("{159641D6-6404-4A2A-AE62-294DE0FE8301}") = "DataLoadingaAndArchvingSSISProject", "DataLoadingaAndArchvingSSISProject.dtproj", "{D062C1A1-6316-45CD-8935-1F4773F4A7E3}"
EndProject
Global
	GlobalSection(SolutionConfigurationPlatforms) = preSolution
		Development|Default = Development|Default
	EndGlobalSection
	GlobalSection(ProjectConfigurationPlatforms) = postSolution
		{D062C1A1-6316-45CD-8935-1F4773F4A7E3}.Development|Default.ActiveCfg = Development
		{D062C1A1-6316-45CD-8935-1F4773F4A7E3}.Development|Default.Build.0 = Development
	EndGlobalSection
	GlobalSection(SolutionProperties) = preSolution
		HideSolutionNode = FALSE
	EndGlobalSection
	GlobalSection(ExtensibilityGlobals) = postSolution
		SolutionGuid = {57389BBC-CC9A-40BB-9CFB-DC4A7FCBD75C}
	EndGlobalSection
EndGlobal
